{"version":4,"terraform_version":"1.10.7","serial":5,"lineage":"3e8a96a5-1e74-6b71-4a22-e0391784a370","outputs":{"cognito_user_pool_client_id":{"value":"s9j5j2rmm9urcjkvk878sakcv","type":"string"},"cognito_user_pool_domain":{"value":"healthcare-lab-auth","type":"string"},"cognito_user_pool_endpoint":{"value":"cognito-idp.us-east-1.amazonaws.com/us-east-1_bOiXbuKw0","type":"string"},"cognito_user_pool_id":{"value":"us-east-1_bOiXbuKw0","type":"string"},"dynamodb_lab_results_table":{"value":"healthcare-lab-lab-results","type":"string"},"http_api_endpoint":{"value":"https://wsvxwcby1g.execute-api.us-east-1.amazonaws.com","type":"string"},"private_subnet_id":{"value":"subnet-00702b8535361372c","type":"string"},"public_subnet_id":{"value":"subnet-0cf44b7220e19b4e5","type":"string"},"vpc_id":{"value":"vpc-07cd93e605c1f09d1","type":"string"}},"resources":[{"mode":"data","type":"aws_availability_zones","name":"available","provider":"provider[\"registry.opentofu.org/hashicorp/aws\"]","instances":[{"schema_version":0,"attributes":{"all_availability_zones":null,"exclude_names":null,"exclude_zone_ids":null,"filter":null,"group_names":["us-east-1-zg-1"],"id":"us-east-1","names":["us-east-1a","us-east-1b","us-east-1c","us-east-1d","us-east-1e","us-east-1f"],"state":"available","timeouts":null,"zone_ids":["use1-az1","use1-az2","use1-az4","use1-az6","use1-az3","use1-az5"]},"sensitive_attributes":[]}]},{"mode":"managed","type":"aws_api_gateway_method","name":"ingest_post","provider":"provider[\"registry.opentofu.org/hashicorp/aws\"]","instances":[{"schema_version":0,"attributes":{"api_key_required":false,"authorization":"NONE","authorization_scopes":null,"authorizer_id":null,"http_method":"POST","id":"agm-hsbcidtge3-x4orho-POST","operation_name":null,"request_models":null,"request_parameters":null,"request_validator_id":null,"resource_id":"x4orho","rest_api_id":"hsbcidtge3"},"sensitive_attributes":[],"private":"bnVsbA==","dependencies":["aws_api_gateway_resource.api","aws_api_gateway_resource.ingest","aws_api_gateway_resource.v1","aws_api_gateway_rest_api.lab_api"],"create_before_destroy":true}]},{"mode":"managed","type":"aws_api_gateway_resource","name":"api","provider":"provider[\"registry.opentofu.org/hashicorp/aws\"]","instances":[{"schema_version":0,"attributes":{"id":"8ll50s","parent_id":"1ieqw9gsd7","path":"/api","path_part":"api","rest_api_id":"hsbcidtge3"},"sensitive_attributes":[],"private":"bnVsbA==","dependencies":["aws_api_gateway_rest_api.lab_api"],"create_before_destroy":true}]},{"mode":"managed","type":"aws_api_gateway_resource","name":"ingest","provider":"provider[\"registry.opentofu.org/hashicorp/aws\"]","instances":[{"schema_version":0,"attributes":{"id":"x4orho","parent_id":"h4n4h6","path":"/api/v1/ingest","path_part":"ingest","rest_api_id":"hsbcidtge3"},"sensitive_attributes":[],"private":"bnVsbA==","dependencies":["aws_api_gateway_resource.api","aws_api_gateway_resource.v1","aws_api_gateway_rest_api.lab_api"],"create_before_destroy":true}]},{"mode":"managed","type":"aws_api_gateway_resource","name":"v1","provider":"provider[\"registry.opentofu.org/hashicorp/aws\"]","instances":[{"schema_version":0,"attributes":{"id":"h4n4h6","parent_id":"8ll50s","path":"/api/v1","path_part":"v1","rest_api_id":"hsbcidtge3"},"sensitive_attributes":[],"private":"bnVsbA==","dependencies":["aws_api_gateway_resource.api","aws_api_gateway_rest_api.lab_api"],"create_before_destroy":true}]},{"mode":"managed","type":"aws_api_gateway_rest_api","name":"lab_api","provider":"provider[\"registry.opentofu.org/hashicorp/aws\"]","instances":[{"schema_version":0,"attributes":{"api_key_source":"HEADER","arn":"arn:aws:apigateway:us-east-1::/restapis/hsbcidtge3","binary_media_types":[],"body":null,"created_date":"2025-12-02T20:54:44Z","description":"","disable_execute_api_endpoint":false,"endpoint_configuration":[{"ip_address_type":"ipv4","types":["EDGE"],"vpc_endpoint_ids":[]}],"execution_arn":"arn:aws:execute-api:us-east-1:804270334491:hsbcidtge3","fail_on_warnings":null,"id":"hsbcidtge3","minimum_compression_size":"","name":"healthcare-lab-api","parameters":null,"policy":"","put_rest_api_mode":null,"root_resource_id":"1ieqw9gsd7","tags":null,"tags_all":{}},"sensitive_attributes":[],"private":"bnVsbA==","create_before_destroy":true}]},{"mode":"managed","type":"aws_apigatewayv2_api","name":"lab_http_api","provider":"provider[\"registry.opentofu.org/hashicorp/aws\"]","instances":[{"schema_version":0,"attributes":{"api_endpoint":"https://wsvxwcby1g.execute-api.us-east-1.amazonaws.com","api_key_selection_expression":"$request.header.x-api-key","arn":"arn:aws:apigateway:us-east-1::/apis/wsvxwcby1g","body":null,"cors_configuration":[],"credentials_arn":null,"description":"","disable_execute_api_endpoint":false,"execution_arn":"arn:aws:execute-api:us-east-1:804270334491:wsvxwcby1g","fail_on_warnings":null,"id":"wsvxwcby1g","ip_address_type":"ipv4","name":"healthcare-lab-http-api","protocol_type":"HTTP","route_key":null,"route_selection_expression":"$request.method $request.path","tags":{"Environment":"dev","Name":"healthcare-lab-http-api","Purpose":"LabSecureHTTPAPI"},"tags_all":{"Environment":"dev","Name":"healthcare-lab-http-api","Purpose":"LabSecureHTTPAPI"},"target":null,"version":""},"sensitive_attributes":[],"private":"bnVsbA=="}]},{"mode":"managed","type":"aws_apigatewayv2_stage","name":"default","provider":"provider[\"registry.opentofu.org/hashicorp/aws\"]","instances":[{"schema_version":0,"attributes":{"access_log_settings":[],"api_id":"wsvxwcby1g","arn":"arn:aws:apigateway:us-east-1::/apis/wsvxwcby1g/stages/$default","auto_deploy":true,"client_certificate_id":"","default_route_settings":[{"data_trace_enabled":false,"detailed_metrics_enabled":false,"logging_level":"","throttling_burst_limit":0,"throttling_rate_limit":0}],"deployment_id":"","description":"","execution_arn":"arn:aws:execute-api:us-east-1:804270334491:wsvxwcby1g/$default","id":"$default","invoke_url":"https://wsvxwcby1g.execute-api.us-east-1.amazonaws.com/","name":"$default","route_settings":[],"stage_variables":null,"tags":{"Environment":"dev","Name":"healthcare-lab-http-api-default-stage"},"tags_all":{"Environment":"dev","Name":"healthcare-lab-http-api-default-stage"}},"sensitive_attributes":[],"private":"bnVsbA==","dependencies":["aws_apigatewayv2_api.lab_http_api"]}]},{"mode":"managed","type":"aws_cloudwatch_event_rule","name":"data_lifecycle_daily","provider":"provider[\"registry.opentofu.org/hashicorp/aws\"]","instances":[{"schema_version":1,"attributes":{"arn":"arn:aws:events:us-east-1:804270334491:rule/healthcare-lab-data-lifecycle-daily","description":"Ejecuta Lambda de data lifecycle 1 vez al día","event_bus_name":"default","event_pattern":null,"force_destroy":false,"id":"healthcare-lab-data-lifecycle-daily","is_enabled":true,"name":"healthcare-lab-data-lifecycle-daily","name_prefix":"","role_arn":"","schedule_expression":"rate(1 day)","state":"ENABLED","tags":{"Environment":"dev"},"tags_all":{"Environment":"dev"}},"sensitive_attributes":[],"private":"eyJzY2hlbWFfdmVyc2lvbiI6IjEifQ=="}]},{"mode":"managed","type":"aws_cognito_user_pool","name":"labsecure_user_pool","provider":"provider[\"registry.opentofu.org/hashicorp/aws\"]","instances":[{"schema_version":0,"attributes":{"account_recovery_setting":[{"recovery_mechanism":[{"name":"verified_email","priority":1},{"name":"verified_phone_number","priority":2}]}],"admin_create_user_config":[{"allow_admin_create_user_only":false,"invite_message_template":[]}],"alias_attributes":null,"arn":"arn:aws:cognito-idp:us-east-1:804270334491:userpool/us-east-1_bOiXbuKw0","auto_verified_attributes":["email"],"creation_date":"2025-12-02T20:54:45Z","custom_domain":"","deletion_protection":"INACTIVE","device_configuration":[],"domain":"healthcare-lab-auth","email_configuration":[{"configuration_set":"","email_sending_account":"COGNITO_DEFAULT","from_email_address":"","reply_to_email_address":"","source_arn":""}],"email_mfa_configuration":[],"email_verification_message":"","email_verification_subject":"","endpoint":"cognito-idp.us-east-1.amazonaws.com/us-east-1_bOiXbuKw0","estimated_number_of_users":0,"id":"us-east-1_bOiXbuKw0","lambda_config":[],"last_modified_date":"2025-12-02T20:54:45Z","mfa_configuration":"OFF","name":"healthcare-lab-user-pool","password_policy":[{"minimum_length":8,"password_history_size":0,"require_lowercase":true,"require_numbers":true,"require_symbols":false,"require_uppercase":true,"temporary_password_validity_days":7}],"schema":[{"attribute_data_type":"String","developer_only_attribute":false,"mutable":true,"name":"email","number_attribute_constraints":[],"required":true,"string_attribute_constraints":[{"max_length":"128","min_length":"5"}]},{"attribute_data_type":"String","developer_only_attribute":false,"mutable":true,"name":"name","number_attribute_constraints":[],"required":false,"string_attribute_constraints":[{"max_length":"64","min_length":"1"}]}],"sign_in_policy":[{"allowed_first_auth_factors":["PASSWORD"]}],"sms_authentication_message":"","sms_configuration":[],"sms_verification_message":"","software_token_mfa_configuration":[],"tags":{"Project":"healthcare-lab","Role":"auth"},"tags_all":{"Project":"healthcare-lab","Role":"auth"},"user_attribute_update_settings":[],"user_pool_add_ons":[],"user_pool_tier":"ESSENTIALS","username_attributes":[],"username_configuration":[],"verification_message_template":[{"default_email_option":"CONFIRM_WITH_CODE","email_message":"","email_message_by_link":"","email_subject":"","email_subject_by_link":"","sms_message":""}],"web_authn_configuration":[]},"sensitive_attributes":[],"private":"bnVsbA=="}]},{"mode":"managed","type":"aws_cognito_user_pool_client","name":"labsecure_user_pool_client","provider":"provider[\"registry.opentofu.org/hashicorp/aws\"]","instances":[{"schema_version":0,"attributes":{"access_token_validity":60,"allowed_oauth_flows":["code"],"allowed_oauth_flows_user_pool_client":true,"allowed_oauth_scopes":["email","openid","profile"],"analytics_configuration":[],"auth_session_validity":3,"callback_urls":["http://localhost:8080/auth/callback"],"client_secret":"","default_redirect_uri":"","enable_propagate_additional_user_context_data":false,"enable_token_revocation":true,"explicit_auth_flows":["ALLOW_REFRESH_TOKEN_AUTH","ALLOW_USER_PASSWORD_AUTH","ALLOW_USER_SRP_AUTH"],"generate_secret":false,"id":"s9j5j2rmm9urcjkvk878sakcv","id_token_validity":60,"logout_urls":["http://localhost:8080/logout"],"name":"healthcare-lab-portal-client","prevent_user_existence_errors":"","read_attributes":[],"refresh_token_rotation":[],"refresh_token_validity":30,"supported_identity_providers":["COGNITO"],"token_validity_units":[{"access_token":"minutes","id_token":"minutes","refresh_token":"days"}],"user_pool_id":"us-east-1_bOiXbuKw0","write_attributes":[]},"sensitive_attributes":[[{"type":"get_attr","value":"client_secret"}]],"dependencies":["aws_cognito_user_pool.labsecure_user_pool"]}]},{"mode":"managed","type":"aws_cognito_user_pool_domain","name":"labsecure_user_pool_domain","provider":"provider[\"registry.opentofu.org/hashicorp/aws\"]","instances":[{"schema_version":0,"attributes":{"aws_account_id":"804270334491","certificate_arn":"","cloudfront_distribution":"d3oia8etllorh5.cloudfront.net","cloudfront_distribution_arn":"d3oia8etllorh5.cloudfront.net","cloudfront_distribution_zone_id":"Z2FDTNDATAQYW2","domain":"healthcare-lab-auth","id":"healthcare-lab-auth","managed_login_version":1,"s3_bucket":"aws-cognito-prod-iad-assets","user_pool_id":"us-east-1_bOiXbuKw0","version":"20251202205446"},"sensitive_attributes":[],"private":"bnVsbA==","dependencies":["aws_cognito_user_pool.labsecure_user_pool"]}]},{"mode":"managed","type":"aws_eip","name":"nat","provider":"provider[\"registry.opentofu.org/hashicorp/aws\"]","instances":[{"schema_version":0,"attributes":{"address":null,"allocation_id":"eipalloc-0465029f7a53f7a7f","arn":"arn:aws:ec2:us-east-1:804270334491:elastic-ip/eipalloc-0465029f7a53f7a7f","associate_with_private_ip":null,"association_id":"","carrier_ip":"","customer_owned_ip":"","customer_owned_ipv4_pool":"","domain":"vpc","id":"eipalloc-0465029f7a53f7a7f","instance":"","ipam_pool_id":null,"network_border_group":"us-east-1","network_interface":"","private_dns":null,"private_ip":"","ptr_record":"","public_dns":"ec2-3-222-248-62.compute-1.amazonaws.com","public_ip":"3.222.248.62","public_ipv4_pool":"amazon","tags":{"Name":"healthcare-lab-nat-eip"},"tags_all":{"Name":"healthcare-lab-nat-eip"},"timeouts":null,"vpc":true},"sensitive_attributes":[],"private":"eyJlMmJmYjczMC1lY2FhLTExZTYtOGY4OC0zNDM2M2JjN2M0YzAiOnsiZGVsZXRlIjoxODAwMDAwMDAwMDAsInJlYWQiOjkwMDAwMDAwMDAwMCwidXBkYXRlIjozMDAwMDAwMDAwMDB9fQ=="}]},{"mode":"managed","type":"aws_internet_gateway","name":"igw","provider":"provider[\"registry.opentofu.org/hashicorp/aws\"]","instances":[{"schema_version":0,"attributes":{"arn":"arn:aws:ec2:us-east-1:804270334491:internet-gateway/igw-0036a87b404ab5228","id":"igw-0036a87b404ab5228","owner_id":"804270334491","tags":{"Name":"healthcare-lab-igw"},"tags_all":{"Name":"healthcare-lab-igw"},"timeouts":null,"vpc_id":"vpc-07cd93e605c1f09d1"},"sensitive_attributes":[],"private":"eyJlMmJmYjczMC1lY2FhLTExZTYtOGY4OC0zNDM2M2JjN2M0YzAiOnsiY3JlYXRlIjoxMjAwMDAwMDAwMDAwLCJkZWxldGUiOjEyMDAwMDAwMDAwMDAsInVwZGF0ZSI6MTIwMDAwMDAwMDAwMH19","dependencies":["aws_vpc.main"]}]},{"mode":"managed","type":"aws_nat_gateway","name":"nat","provider":"provider[\"registry.opentofu.org/hashicorp/aws\"]","instances":[{"schema_version":0,"attributes":{"allocation_id":"eipalloc-0465029f7a53f7a7f","association_id":"eipassoc-0fa055df8fde7f7aa","connectivity_type":"public","id":"nat-0ed7d293c2f0e18c8","network_interface_id":"eni-0ae48d6f9196f15d2","private_ip":"10.0.1.91","public_ip":"3.222.248.62","secondary_allocation_ids":null,"secondary_private_ip_address_count":0,"secondary_private_ip_addresses":[],"subnet_id":"subnet-0cf44b7220e19b4e5","tags":{"Name":"healthcare-lab-nat"},"tags_all":{"Name":"healthcare-lab-nat"},"timeouts":null},"sensitive_attributes":[],"private":"eyJlMmJmYjczMC1lY2FhLTExZTYtOGY4OC0zNDM2M2JjN2M0YzAiOnsiY3JlYXRlIjo2MDAwMDAwMDAwMDAsImRlbGV0ZSI6MTgwMDAwMDAwMDAwMCwidXBkYXRlIjo2MDAwMDAwMDAwMDB9fQ==","dependencies":["aws_eip.nat","aws_internet_gateway.igw","aws_subnet.public_1","aws_vpc.main","data.aws_availability_zones.available"]}]},{"mode":"managed","type":"aws_route_table","name":"private","provider":"provider[\"registry.opentofu.org/hashicorp/aws\"]","instances":[{"schema_version":0,"attributes":{"arn":"arn:aws:ec2:us-east-1:804270334491:route-table/rtb-00905cb1d1e3ef666","id":"rtb-00905cb1d1e3ef666","owner_id":"804270334491","propagating_vgws":[],"route":[{"carrier_gateway_id":"","cidr_block":"0.0.0.0/0","core_network_arn":"","destination_prefix_list_id":"","egress_only_gateway_id":"","gateway_id":"","ipv6_cidr_block":"","local_gateway_id":"","nat_gateway_id":"nat-0ed7d293c2f0e18c8","network_interface_id":"","transit_gateway_id":"","vpc_endpoint_id":"","vpc_peering_connection_id":""}],"tags":{"Name":"healthcare-lab-private-rt"},"tags_all":{"Name":"healthcare-lab-private-rt"},"timeouts":null,"vpc_id":"vpc-07cd93e605c1f09d1"},"sensitive_attributes":[],"private":"eyJlMmJmYjczMC1lY2FhLTExZTYtOGY4OC0zNDM2M2JjN2M0YzAiOnsiY3JlYXRlIjozMDAwMDAwMDAwMDAsImRlbGV0ZSI6MzAwMDAwMDAwMDAwLCJ1cGRhdGUiOjEyMDAwMDAwMDAwMH19","dependencies":["aws_eip.nat","aws_internet_gateway.igw","aws_nat_gateway.nat","aws_subnet.public_1","aws_vpc.main","data.aws_availability_zones.available"]}]},{"mode":"managed","type":"aws_route_table","name":"public","provider":"provider[\"registry.opentofu.org/hashicorp/aws\"]","instances":[{"schema_version":0,"attributes":{"arn":"arn:aws:ec2:us-east-1:804270334491:route-table/rtb-055ee6d22fa03c575","id":"rtb-055ee6d22fa03c575","owner_id":"804270334491","propagating_vgws":[],"route":[{"carrier_gateway_id":"","cidr_block":"0.0.0.0/0","core_network_arn":"","destination_prefix_list_id":"","egress_only_gateway_id":"","gateway_id":"igw-0036a87b404ab5228","ipv6_cidr_block":"","local_gateway_id":"","nat_gateway_id":"","network_interface_id":"","transit_gateway_id":"","vpc_endpoint_id":"","vpc_peering_connection_id":""}],"tags":{"Name":"healthcare-lab-public-rt"},"tags_all":{"Name":"healthcare-lab-public-rt"},"timeouts":null,"vpc_id":"vpc-07cd93e605c1f09d1"},"sensitive_attributes":[],"private":"eyJlMmJmYjczMC1lY2FhLTExZTYtOGY4OC0zNDM2M2JjN2M0YzAiOnsiY3JlYXRlIjozMDAwMDAwMDAwMDAsImRlbGV0ZSI6MzAwMDAwMDAwMDAwLCJ1cGRhdGUiOjEyMDAwMDAwMDAwMH19","dependencies":["aws_internet_gateway.igw","aws_vpc.main"]}]},{"mode":"managed","type":"aws_route_table_association","name":"private_assoc_1","provider":"provider[\"registry.opentofu.org/hashicorp/aws\"]","instances":[{"schema_version":0,"attributes":{"gateway_id":"","id":"rtbassoc-0be177748cd571a19","route_table_id":"rtb-00905cb1d1e3ef666","subnet_id":"subnet-00702b8535361372c","timeouts":null},"sensitive_attributes":[],"private":"eyJlMmJmYjczMC1lY2FhLTExZTYtOGY4OC0zNDM2M2JjN2M0YzAiOnsiY3JlYXRlIjozMDAwMDAwMDAwMDAsImRlbGV0ZSI6MzAwMDAwMDAwMDAwLCJ1cGRhdGUiOjEyMDAwMDAwMDAwMH19","dependencies":["aws_eip.nat","aws_internet_gateway.igw","aws_nat_gateway.nat","aws_route_table.private","aws_subnet.private_1","aws_subnet.public_1","aws_vpc.main","data.aws_availability_zones.available"]}]},{"mode":"managed","type":"aws_route_table_association","name":"public_assoc_1","provider":"provider[\"registry.opentofu.org/hashicorp/aws\"]","instances":[{"schema_version":0,"attributes":{"gateway_id":"","id":"rtbassoc-0d0505ce6b7660629","route_table_id":"rtb-055ee6d22fa03c575","subnet_id":"subnet-0cf44b7220e19b4e5","timeouts":null},"sensitive_attributes":[],"private":"eyJlMmJmYjczMC1lY2FhLTExZTYtOGY4OC0zNDM2M2JjN2M0YzAiOnsiY3JlYXRlIjozMDAwMDAwMDAwMDAsImRlbGV0ZSI6MzAwMDAwMDAwMDAwLCJ1cGRhdGUiOjEyMDAwMDAwMDAwMH19","dependencies":["aws_internet_gateway.igw","aws_route_table.public","aws_subnet.public_1","aws_vpc.main","data.aws_availability_zones.available"]}]},{"mode":"managed","type":"aws_security_group","name":"ec2_portal_sg","provider":"provider[\"registry.opentofu.org/hashicorp/aws\"]","instances":[{"schema_version":1,"attributes":{"arn":"arn:aws:ec2:us-east-1:804270334491:security-group/sg-05b2cf0b79d1c1cf6","description":"Security group for portal EC2 instance","egress":[{"cidr_blocks":["0.0.0.0/0"],"description":"","from_port":0,"ipv6_cidr_blocks":[],"prefix_list_ids":[],"protocol":"-1","security_groups":[],"self":false,"to_port":0}],"id":"sg-05b2cf0b79d1c1cf6","ingress":[{"cidr_blocks":["0.0.0.0/0"],"description":"HTTP portal (8080)","from_port":8080,"ipv6_cidr_blocks":[],"prefix_list_ids":[],"protocol":"tcp","security_groups":[],"self":false,"to_port":8080},{"cidr_blocks":["0.0.0.0/0"],"description":"SSH","from_port":22,"ipv6_cidr_blocks":[],"prefix_list_ids":[],"protocol":"tcp","security_groups":[],"self":false,"to_port":22}],"name":"healthcare-lab-ec2-portal-sg","name_prefix":"","owner_id":"804270334491","revoke_rules_on_delete":false,"tags":{"Name":"healthcare-lab-ec2-portal-sg"},"tags_all":{"Name":"healthcare-lab-ec2-portal-sg"},"timeouts":null,"vpc_id":"vpc-07cd93e605c1f09d1"},"sensitive_attributes":[],"private":"eyJlMmJmYjczMC1lY2FhLTExZTYtOGY4OC0zNDM2M2JjN2M0YzAiOnsiY3JlYXRlIjo2MDAwMDAwMDAwMDAsImRlbGV0ZSI6OTAwMDAwMDAwMDAwfSwic2NoZW1hX3ZlcnNpb24iOiIxIn0=","dependencies":["aws_vpc.main"]}]},{"mode":"managed","type":"aws_security_group","name":"ec2_worker_sg","provider":"provider[\"registry.opentofu.org/hashicorp/aws\"]","instances":[{"schema_version":1,"attributes":{"arn":"arn:aws:ec2:us-east-1:804270334491:security-group/sg-0a7dedebf2b1533e8","description":"Security group for worker EC2 instance","egress":[{"cidr_blocks":["0.0.0.0/0"],"description":"","from_port":0,"ipv6_cidr_blocks":[],"prefix_list_ids":[],"protocol":"-1","security_groups":[],"self":false,"to_port":0}],"id":"sg-0a7dedebf2b1533e8","ingress":[{"cidr_blocks":["0.0.0.0/0"],"description":"SSH","from_port":22,"ipv6_cidr_blocks":[],"prefix_list_ids":[],"protocol":"tcp","security_groups":[],"self":false,"to_port":22}],"name":"healthcare-lab-ec2-worker-sg","name_prefix":"","owner_id":"804270334491","revoke_rules_on_delete":false,"tags":{"Name":"healthcare-lab-ec2-worker-sg"},"tags_all":{"Name":"healthcare-lab-ec2-worker-sg"},"timeouts":null,"vpc_id":"vpc-07cd93e605c1f09d1"},"sensitive_attributes":[],"private":"eyJlMmJmYjczMC1lY2FhLTExZTYtOGY4OC0zNDM2M2JjN2M0YzAiOnsiY3JlYXRlIjo2MDAwMDAwMDAwMDAsImRlbGV0ZSI6OTAwMDAwMDAwMDAwfSwic2NoZW1hX3ZlcnNpb24iOiIxIn0=","dependencies":["aws_vpc.main"]}]},{"mode":"managed","type":"aws_sns_topic","name":"lab_results_ready","provider":"provider[\"registry.opentofu.org/hashicorp/aws\"]","instances":[{"schema_version":0,"attributes":{"application_failure_feedback_role_arn":"","application_success_feedback_role_arn":"","application_success_feedback_sample_rate":0,"archive_policy":"","arn":"arn:aws:sns:us-east-1:804270334491:healthcare-lab-lab-results-ready","beginning_archive_time":"","content_based_deduplication":false,"delivery_policy":"","display_name":"","fifo_throughput_scope":"","fifo_topic":false,"firehose_failure_feedback_role_arn":"","firehose_success_feedback_role_arn":"","firehose_success_feedback_sample_rate":0,"http_failure_feedback_role_arn":"","http_success_feedback_role_arn":"","http_success_feedback_sample_rate":0,"id":"arn:aws:sns:us-east-1:804270334491:healthcare-lab-lab-results-ready","kms_master_key_id":"","lambda_failure_feedback_role_arn":"","lambda_success_feedback_role_arn":"","lambda_success_feedback_sample_rate":0,"name":"healthcare-lab-lab-results-ready","name_prefix":"","owner":"804270334491","policy":"{\"Id\":\"__default_policy_ID\",\"Statement\":[{\"Action\":[\"SNS:GetTopicAttributes\",\"SNS:SetTopicAttributes\",\"SNS:AddPermission\",\"SNS:RemovePermission\",\"SNS:DeleteTopic\",\"SNS:Subscribe\",\"SNS:ListSubscriptionsByTopic\",\"SNS:Publish\"],\"Condition\":{\"StringEquals\":{\"AWS:SourceOwner\":\"804270334491\"}},\"Effect\":\"Allow\",\"Principal\":{\"AWS\":\"*\"},\"Resource\":\"arn:aws:sns:us-east-1:804270334491:healthcare-lab-lab-results-ready\",\"Sid\":\"__default_statement_ID\"}],\"Version\":\"2008-10-17\"}","signature_version":0,"sqs_failure_feedback_role_arn":"","sqs_success_feedback_role_arn":"","sqs_success_feedback_sample_rate":0,"tags":{"Environment":"dev","Name":"healthcare-lab-lab-results-ready","Purpose":"LabResultsNotification"},"tags_all":{"Environment":"dev","Name":"healthcare-lab-lab-results-ready","Purpose":"LabResultsNotification"},"tracing_config":""},"sensitive_attributes":[],"private":"bnVsbA=="}]},{"mode":"managed","type":"aws_sqs_queue","name":"lab_results_dlq","provider":"provider[\"registry.opentofu.org/hashicorp/aws\"]","instances":[{"schema_version":0,"attributes":{"arn":"arn:aws:sqs:us-east-1:804270334491:healthcare-lab-lab-results-dlq","content_based_deduplication":false,"deduplication_scope":"","delay_seconds":0,"fifo_queue":false,"fifo_throughput_limit":"","id":"https://sqs.us-east-1.amazonaws.com/804270334491/healthcare-lab-lab-results-dlq","kms_data_key_reuse_period_seconds":300,"kms_master_key_id":"","max_message_size":262144,"message_retention_seconds":345600,"name":"healthcare-lab-lab-results-dlq","name_prefix":"","policy":"","receive_wait_time_seconds":0,"redrive_allow_policy":"","redrive_policy":"","sqs_managed_sse_enabled":true,"tags":null,"tags_all":{},"timeouts":null,"url":"https://sqs.us-east-1.amazonaws.com/804270334491/healthcare-lab-lab-results-dlq","visibility_timeout_seconds":30},"sensitive_attributes":[],"private":"eyJlMmJmYjczMC1lY2FhLTExZTYtOGY4OC0zNDM2M2JjN2M0YzAiOnsiY3JlYXRlIjoxODAwMDAwMDAwMDAsImRlbGV0ZSI6MTgwMDAwMDAwMDAwLCJ1cGRhdGUiOjE4MDAwMDAwMDAwMH19","create_before_destroy":true}]},{"mode":"managed","type":"aws_sqs_queue","name":"lab_results_queue","provider":"provider[\"registry.opentofu.org/hashicorp/aws\"]","instances":[{"schema_version":0,"attributes":{"arn":"arn:aws:sqs:us-east-1:804270334491:healthcare-lab-lab-results-queue","content_based_deduplication":false,"deduplication_scope":"","delay_seconds":0,"fifo_queue":false,"fifo_throughput_limit":"","id":"https://sqs.us-east-1.amazonaws.com/804270334491/healthcare-lab-lab-results-queue","kms_data_key_reuse_period_seconds":300,"kms_master_key_id":"","max_message_size":262144,"message_retention_seconds":345600,"name":"healthcare-lab-lab-results-queue","name_prefix":"","policy":"","receive_wait_time_seconds":0,"redrive_allow_policy":"","redrive_policy":"{\"deadLetterTargetArn\":\"arn:aws:sqs:us-east-1:804270334491:healthcare-lab-lab-results-dlq\",\"maxReceiveCount\":5}","sqs_managed_sse_enabled":true,"tags":null,"tags_all":{},"timeouts":null,"url":"https://sqs.us-east-1.amazonaws.com/804270334491/healthcare-lab-lab-results-queue","visibility_timeout_seconds":60},"sensitive_attributes":[],"private":"eyJlMmJmYjczMC1lY2FhLTExZTYtOGY4OC0zNDM2M2JjN2M0YzAiOnsiY3JlYXRlIjoxODAwMDAwMDAwMDAsImRlbGV0ZSI6MTgwMDAwMDAwMDAwLCJ1cGRhdGUiOjE4MDAwMDAwMDAwMH19","dependencies":["aws_sqs_queue.lab_results_dlq"],"create_before_destroy":true}]},{"mode":"managed","type":"aws_sqs_queue","name":"notify_dlq","provider":"provider[\"registry.opentofu.org/hashicorp/aws\"]","instances":[{"schema_version":0,"attributes":{"arn":"arn:aws:sqs:us-east-1:804270334491:healthcare-lab-notify-dlq","content_based_deduplication":false,"deduplication_scope":"","delay_seconds":0,"fifo_queue":false,"fifo_throughput_limit":"","id":"https://sqs.us-east-1.amazonaws.com/804270334491/healthcare-lab-notify-dlq","kms_data_key_reuse_period_seconds":300,"kms_master_key_id":"","max_message_size":262144,"message_retention_seconds":345600,"name":"healthcare-lab-notify-dlq","name_prefix":"","policy":"","receive_wait_time_seconds":0,"redrive_allow_policy":"","redrive_policy":"","sqs_managed_sse_enabled":true,"tags":null,"tags_all":{},"timeouts":null,"url":"https://sqs.us-east-1.amazonaws.com/804270334491/healthcare-lab-notify-dlq","visibility_timeout_seconds":30},"sensitive_attributes":[],"private":"eyJlMmJmYjczMC1lY2FhLTExZTYtOGY4OC0zNDM2M2JjN2M0YzAiOnsiY3JlYXRlIjoxODAwMDAwMDAwMDAsImRlbGV0ZSI6MTgwMDAwMDAwMDAwLCJ1cGRhdGUiOjE4MDAwMDAwMDAwMH19"}]},{"mode":"managed","type":"aws_sqs_queue","name":"notify_queue","provider":"provider[\"registry.opentofu.org/hashicorp/aws\"]","instances":[{"schema_version":0,"attributes":{"arn":"arn:aws:sqs:us-east-1:804270334491:healthcare-lab-notify-queue","content_based_deduplication":false,"deduplication_scope":"","delay_seconds":0,"fifo_queue":false,"fifo_throughput_limit":"","id":"https://sqs.us-east-1.amazonaws.com/804270334491/healthcare-lab-notify-queue","kms_data_key_reuse_period_seconds":300,"kms_master_key_id":"","max_message_size":262144,"message_retention_seconds":345600,"name":"healthcare-lab-notify-queue","name_prefix":"","policy":"","receive_wait_time_seconds":0,"redrive_allow_policy":"","redrive_policy":"{\"deadLetterTargetArn\":\"arn:aws:sqs:us-east-1:804270334491:healthcare-lab-notify-dlq\",\"maxReceiveCount\":5}","sqs_managed_sse_enabled":true,"tags":null,"tags_all":{},"timeouts":null,"url":"https://sqs.us-east-1.amazonaws.com/804270334491/healthcare-lab-notify-queue","visibility_timeout_seconds":60},"sensitive_attributes":[],"private":"eyJlMmJmYjczMC1lY2FhLTExZTYtOGY4OC0zNDM2M2JjN2M0YzAiOnsiY3JlYXRlIjoxODAwMDAwMDAwMDAsImRlbGV0ZSI6MTgwMDAwMDAwMDAwLCJ1cGRhdGUiOjE4MDAwMDAwMDAwMH19","dependencies":["aws_sqs_queue.notify_dlq"]}]},{"mode":"managed","type":"aws_subnet","name":"private_1","provider":"provider[\"registry.opentofu.org/hashicorp/aws\"]","instances":[{"schema_version":1,"attributes":{"arn":"arn:aws:ec2:us-east-1:804270334491:subnet/subnet-00702b8535361372c","assign_ipv6_address_on_creation":false,"availability_zone":"us-east-1a","availability_zone_id":"use1-az1","cidr_block":"10.0.2.0/24","customer_owned_ipv4_pool":"","enable_dns64":false,"enable_lni_at_device_index":0,"enable_resource_name_dns_a_record_on_launch":false,"enable_resource_name_dns_aaaa_record_on_launch":false,"id":"subnet-00702b8535361372c","ipv6_cidr_block":"","ipv6_cidr_block_association_id":"","ipv6_native":false,"map_customer_owned_ip_on_launch":false,"map_public_ip_on_launch":false,"outpost_arn":"","owner_id":"804270334491","private_dns_hostname_type_on_launch":"ip-name","tags":{"Name":"healthcare-lab-private-1"},"tags_all":{"Name":"healthcare-lab-private-1"},"timeouts":null,"vpc_id":"vpc-07cd93e605c1f09d1"},"sensitive_attributes":[],"private":"eyJlMmJmYjczMC1lY2FhLTExZTYtOGY4OC0zNDM2M2JjN2M0YzAiOnsiY3JlYXRlIjo2MDAwMDAwMDAwMDAsImRlbGV0ZSI6MTIwMDAwMDAwMDAwMH0sInNjaGVtYV92ZXJzaW9uIjoiMSJ9","dependencies":["aws_vpc.main","data.aws_availability_zones.available"]}]},{"mode":"managed","type":"aws_subnet","name":"public_1","provider":"provider[\"registry.opentofu.org/hashicorp/aws\"]","instances":[{"schema_version":1,"attributes":{"arn":"arn:aws:ec2:us-east-1:804270334491:subnet/subnet-0cf44b7220e19b4e5","assign_ipv6_address_on_creation":false,"availability_zone":"us-east-1a","availability_zone_id":"use1-az1","cidr_block":"10.0.1.0/24","customer_owned_ipv4_pool":"","enable_dns64":false,"enable_lni_at_device_index":0,"enable_resource_name_dns_a_record_on_launch":false,"enable_resource_name_dns_aaaa_record_on_launch":false,"id":"subnet-0cf44b7220e19b4e5","ipv6_cidr_block":"","ipv6_cidr_block_association_id":"","ipv6_native":false,"map_customer_owned_ip_on_launch":false,"map_public_ip_on_launch":true,"outpost_arn":"","owner_id":"804270334491","private_dns_hostname_type_on_launch":"ip-name","tags":{"Name":"healthcare-lab-public-1"},"tags_all":{"Name":"healthcare-lab-public-1"},"timeouts":null,"vpc_id":"vpc-07cd93e605c1f09d1"},"sensitive_attributes":[],"private":"eyJlMmJmYjczMC1lY2FhLTExZTYtOGY4OC0zNDM2M2JjN2M0YzAiOnsiY3JlYXRlIjo2MDAwMDAwMDAwMDAsImRlbGV0ZSI6MTIwMDAwMDAwMDAwMH0sInNjaGVtYV92ZXJzaW9uIjoiMSJ9","dependencies":["aws_vpc.main","data.aws_availability_zones.available"]}]},{"mode":"managed","type":"aws_vpc","name":"main","provider":"provider[\"registry.opentofu.org/hashicorp/aws\"]","instances":[{"schema_version":1,"attributes":{"arn":"arn:aws:ec2:us-east-1:804270334491:vpc/vpc-07cd93e605c1f09d1","assign_generated_ipv6_cidr_block":false,"cidr_block":"10.0.0.0/16","default_network_acl_id":"acl-04df9c6542842b8c1","default_route_table_id":"rtb-0f93c8048d4857e8f","default_security_group_id":"sg-0e06a65b66b9c91a8","dhcp_options_id":"dopt-026d3442d40fa1ad1","enable_dns_hostnames":true,"enable_dns_support":true,"enable_network_address_usage_metrics":false,"id":"vpc-07cd93e605c1f09d1","instance_tenancy":"default","ipv4_ipam_pool_id":null,"ipv4_netmask_length":null,"ipv6_association_id":"","ipv6_cidr_block":"","ipv6_cidr_block_network_border_group":"","ipv6_ipam_pool_id":"","ipv6_netmask_length":0,"main_route_table_id":"rtb-0f93c8048d4857e8f","owner_id":"804270334491","tags":{"Name":"healthcare-lab-vpc"},"tags_all":{"Name":"healthcare-lab-vpc"}},"sensitive_attributes":[],"private":"eyJzY2hlbWFfdmVyc2lvbiI6IjEifQ=="}]},{"mode":"managed","type":"random_string","name":"suffix","provider":"provider[\"registry.opentofu.org/hashicorp/random\"]","instances":[{"schema_version":2,"attributes":{"id":"31l9vb","keepers":null,"length":6,"lower":true,"min_lower":0,"min_numeric":0,"min_special":0,"min_upper":0,"number":true,"numeric":true,"override_special":null,"result":"31l9vb","special":false,"upper":false},"sensitive_attributes":[]}]}],"check_results":null}
